
Microsoft Visual Studio Solution File, Format Version 12.00
# Visual Studio Version 17
VisualStudioVersion = 17.14.37301.10 d17.14
MinimumVisualStudioVersion = 10.0.40219.1
Project("{FAE04EC0-301F-11D3-BF4B-00C04F79EFBC}") = "AdjusterOptimizerAPI", "AdjusterOptimizerAPI.csproj", "{306A6CF0-CDDE-9A57-25CC-2E345BF0DC47}"
EndProject
Global
	GlobalSection(SolutionConfigurationPlatforms) = preSolution
		Debug|Any CPU = Debug|Any CPU
		Release|Any CPU = Release|Any CPU
	EndGlobalSection
	GlobalSection(ProjectConfigurationPlatforms) = postSolution
		{306A6CF0-CDDE-9A57-25CC-2E345BF0DC47}.Debug|Any CPU.ActiveCfg = Debug|Any CPU
		{306A6CF0-CDDE-9A57-25CC-2E345BF0DC47}.Debug|Any CPU.Build.0 = Debug|Any CPU
		{306A6CF0-CDDE-9A57-25CC-2E345BF0DC47}.Release|Any CPU.ActiveCfg = Release|Any CPU
		{306A6CF0-CDDE-9A57-25CC-2E345BF0DC47}.Release|Any CPU.Build.0 = Release|Any CPU
	EndGlobalSection
	GlobalSection(SolutionProperties) = preSolution
		HideSolutionNode = FALSE
	EndGlobalSection
	GlobalSection(ExtensibilityGlobals) = postSolution
		SolutionGuid = {C8AF839E-442F-461F-B99D-E5AB35000BD5}
	EndGlobalSection
EndGlobal
